{
  "name": "is219stat",
  "version": "1.0.0",
  "lockfileVersion": 2,
  "requires": true,
  "packages": {
    "": {
      "version": "1.0.0",
      "dependencies": {
        "jstat": "^1.9.4"
      }
    },
    "node_modules/jstat": {
      "version": "1.9.4",
      "resolved": "https://registry.npmjs.org/jstat/-/jstat-1.9.4.tgz",
      "integrity": "sha512-IiTPlI7pcrsq41EpDzrghlA1fhiC9GXxNqO4k5ogsjsM1XAWQ8zESH/bZsExLVgQsYpXE+7c11kEbbuxTLUpJQ=="
    }
  },
  "dependencies": {
    "jstat": {
      "version": "1.9.4",
      "resolved": "https://registry.npmjs.org/jstat/-/jstat-1.9.4.tgz",
      "integrity": "sha512-IiTPlI7pcrsq41EpDzrghlA1fhiC9GXxNqO4k5ogsjsM1XAWQ8zESH/bZsExLVgQsYpXE+7c11kEbbuxTLUpJQ=="
    }
  }
}
